
Microsoft Visual Studio Solution File, Format Version 12.00
# Visual Studio Version 16
VisualStudioVersion = 16.0.31025.194
MinimumVisualStudioVersion = 10.0.40219.1
Project("{FAE04EC0-301F-11D3-BF4B-00C04F79EFBC}") = "MichalDowningMyFinalProjectCS", "MichalDowningMyFinalProjectCS.csproj", "{294CC11A-971A-46A7-9A9F-AEB9642E097E}"
EndProject
Global
	GlobalSection(SolutionConfigurationPlatforms) = preSolution
		Debug|Any CPU = Debug|Any CPU
		Release|Any CPU = Release|Any CPU
	EndGlobalSection
	GlobalSection(ProjectConfigurationPlatforms) = postSolution
		{294CC11A-971A-46A7-9A9F-AEB9642E097E}.Debug|Any CPU.ActiveCfg = Debug|Any CPU
		{294CC11A-971A-46A7-9A9F-AEB9642E097E}.Debug|Any CPU.Build.0 = Debug|Any CPU
		{294CC11A-971A-46A7-9A9F-AEB9642E097E}.Release|Any CPU.ActiveCfg = Release|Any CPU
		{294CC11A-971A-46A7-9A9F-AEB9642E097E}.Release|Any CPU.Build.0 = Release|Any CPU
	EndGlobalSection
	GlobalSection(SolutionProperties) = preSolution
		HideSolutionNode = FALSE
	EndGlobalSection
	GlobalSection(ExtensibilityGlobals) = postSolution
		SolutionGuid = {CF2869FD-9C3E-4BBD-ABA4-8AD77DE3D739}
	EndGlobalSection
EndGlobal
